
Microsoft Visual Studio Solution File, Format Version 12.00
# Visual Studio 15
VisualStudioVersion = 15.0.27428.2002
MinimumVisualStudioVersion = 10.0.40219.1
Project("{FAE04EC0-301F-11D3-BF4B-00C04F79EFBC}") = "DatabaseTest.Web", "DatabaseTest.Web\DatabaseTest.Web.csproj", "{BA88BC80-72F3-48E5-B282-E3538E14DA0D}"
EndProject
Global
	GlobalSection(SolutionConfigurationPlatforms) = preSolution
		Debug|Any CPU = Debug|Any CPU
		Release|Any CPU = Release|Any CPU
	EndGlobalSection
	GlobalSection(ProjectConfigurationPlatforms) = postSolution
		{BA88BC80-72F3-48E5-B282-E3538E14DA0D}.Debug|Any CPU.ActiveCfg = Debug|Any CPU
		{BA88BC80-72F3-48E5-B282-E3538E14DA0D}.Debug|Any CPU.Build.0 = Debug|Any CPU
		{BA88BC80-72F3-48E5-B282-E3538E14DA0D}.Release|Any CPU.ActiveCfg = Release|Any CPU
		{BA88BC80-72F3-48E5-B282-E3538E14DA0D}.Release|Any CPU.Build.0 = Release|Any CPU
	EndGlobalSection
	GlobalSection(SolutionProperties) = preSolution
		HideSolutionNode = FALSE
	EndGlobalSection
	GlobalSection(ExtensibilityGlobals) = postSolution
		SolutionGuid = {32D372D1-B391-436F-9194-8FB2A67655D4}
	EndGlobalSection
EndGlobal
